// !$*UTF8*$!
{
	archiveVersion = 1;
	classes = {
	};
	objectVersion = 50;
	objects = {

/* Begin PBXBuildFile section */
		043DB9D82488DC5D004AAE5C /* GalleryItem.swift in Sources */ = {isa = PBXBuildFile; fileRef = 043DB9D72488DC5D004AAE5C /* GalleryItem.swift */; };
		043DB9DA2488DCAC004AAE5C /* ApiManager.swift in Sources */ = {isa = PBXBuildFile; fileRef = 043DB9D92488DCAC004AAE5C /* ApiManager.swift */; };
		043DB9DC2488DCD1004AAE5C /* JSONReadWrite.swift in Sources */ = {isa = PBXBuildFile; fileRef = 043DB9DB2488DCD1004AAE5C /* JSONReadWrite.swift */; };
		043DB9DE2488DD91004AAE5C /* GalleryController.swift in Sources */ = {isa = PBXBuildFile; fileRef = 043DB9DD2488DD91004AAE5C /* GalleryController.swift */; };
		043DB9E02488E01E004AAE5C /* ImageViewerController.swift in Sources */ = {isa = PBXBuildFile; fileRef = 043DB9DF2488E01E004AAE5C /* ImageViewerController.swift */; };
		043DB9E32488EBA7004AAE5C /* ImageCollectionViewCell.swift in Sources */ = {isa = PBXBuildFile; fileRef = 043DB9E12488EBA7004AAE5C /* ImageCollectionViewCell.swift */; };
		043DB9E42488EBA7004AAE5C /* ImageCollectionViewCell.xib in Resources */ = {isa = PBXBuildFile; fileRef = 043DB9E22488EBA7004AAE5C /* ImageCollectionViewCell.xib */; };
		04488AD3240CE3540021CE46 /* AppDelegate.swift in Sources */ = {isa = PBXBuildFile; fileRef = 04488AD2240CE3540021CE46 /* AppDelegate.swift */; };
		04488AD5240CE3540021CE46 /* SceneDelegate.swift in Sources */ = {isa = PBXBuildFile; fileRef = 04488AD4240CE3540021CE46 /* SceneDelegate.swift */; };
		04488ADA240CE3540021CE46 /* Main.storyboard in Resources */ = {isa = PBXBuildFile; fileRef = 04488AD8240CE3540021CE46 /* Main.storyboard */; };
		04488ADF240CE3550021CE46 /* LaunchScreen.storyboard in Resources */ = {isa = PBXBuildFile; fileRef = 04488ADD240CE3550021CE46 /* LaunchScreen.storyboard */; };
		04488AEA240CE3550021CE46 /* ShishirBootcampTests.swift in Sources */ = {isa = PBXBuildFile; fileRef = 04488AE9240CE3550021CE46 /* ShishirBootcampTests.swift */; };
		04488AF5240CE3550021CE46 /* ShishirBootcampUITests.swift in Sources */ = {isa = PBXBuildFile; fileRef = 04488AF4240CE3550021CE46 /* ShishirBootcampUITests.swift */; };
		04B4E18D2410F529000B8984 /* Assets.xcassets in Resources */ = {isa = PBXBuildFile; fileRef = 04B4E18C2410F529000B8984 /* Assets.xcassets */; };
		FF39ED61248F70F200F45E1E /* Extension.swift in Sources */ = {isa = PBXBuildFile; fileRef = FF39ED60248F70F200F45E1E /* Extension.swift */; };
/* End PBXBuildFile section */

/* Begin PBXContainerItemProxy section */
		04488AE6240CE3550021CE46 /* PBXContainerItemProxy */ = {
			isa = PBXContainerItemProxy;
			containerPortal = 04488AC7240CE3540021CE46 /* Project object */;
			proxyType = 1;
			remoteGlobalIDString = 04488ACE240CE3540021CE46;
			remoteInfo = RajatBootcamp;
		};
		04488AF1240CE3550021CE46 /* PBXContainerItemProxy */ = {
			isa = PBXContainerItemProxy;
			containerPortal = 04488AC7240CE3540021CE46 /* Project object */;
			proxyType = 1;
			remoteGlobalIDString = 04488ACE240CE3540021CE46;
			remoteInfo = RajatBootcamp;
		};
/* End PBXContainerItemProxy section */

/* Begin PBXFileReference section */
		043DB9D72488DC5D004AAE5C /* GalleryItem.swift */ = {isa = PBXFileReference; lastKnownFileType = sourcecode.swift; path = GalleryItem.swift; sourceTree = "<group>"; };
		043DB9D92488DCAC004AAE5C /* ApiManager.swift */ = {isa = PBXFileReference; lastKnownFileType = sourcecode.swift; path = ApiManager.swift; sourceTree = "<group>"; };
		043DB9DB2488DCD1004AAE5C /* JSONReadWrite.swift */ = {isa = PBXFileReference; lastKnownFileType = sourcecode.swift; path = JSONReadWrite.swift; sourceTree = "<group>"; };
		043DB9DD2488DD91004AAE5C /* GalleryController.swift */ = {isa = PBXFileReference; lastKnownFileType = sourcecode.swift; path = GalleryController.swift; sourceTree = "<group>"; };
		043DB9DF2488E01E004AAE5C /* ImageViewerController.swift */ = {isa = PBXFileReference; lastKnownFileType = sourcecode.swift; path = ImageViewerController.swift; sourceTree = "<group>"; };
		043DB9E12488EBA7004AAE5C /* ImageCollectionViewCell.swift */ = {isa = PBXFileReference; lastKnownFileType = sourcecode.swift; path = ImageCollectionViewCell.swift; sourceTree = "<group>"; };
		043DB9E22488EBA7004AAE5C /* ImageCollectionViewCell.xib */ = {isa = PBXFileReference; lastKnownFileType = file.xib; path = ImageCollectionViewCell.xib; sourceTree = "<group>"; };
		04488ACF240CE3540021CE46 /* Gallery.app */ = {isa = PBXFileReference; explicitFileType = wrapper.application; includeInIndex = 0; path = Gallery.app; sourceTree = BUILT_PRODUCTS_DIR; };
		04488AD2240CE3540021CE46 /* AppDelegate.swift */ = {isa = PBXFileReference; lastKnownFileType = sourcecode.swift; path = AppDelegate.swift; sourceTree = "<group>"; };
		04488AD4240CE3540021CE46 /* SceneDelegate.swift */ = {isa = PBXFileReference; lastKnownFileType = sourcecode.swift; path = SceneDelegate.swift; sourceTree = "<group>"; };
		04488AD9240CE3540021CE46 /* Base */ = {isa = PBXFileReference; lastKnownFileType = file.storyboard; name = Base; path = Base.lproj/Main.storyboard; sourceTree = "<group>"; };
		04488ADE240CE3550021CE46 /* Base */ = {isa = PBXFileReference; lastKnownFileType = file.storyboard; name = Base; path = Base.lproj/LaunchScreen.storyboard; sourceTree = "<group>"; };
		04488AE0240CE3550021CE46 /* Info.plist */ = {isa = PBXFileReference; lastKnownFileType = text.plist.xml; path = Info.plist; sourceTree = "<group>"; };
		04488AE5240CE3550021CE46 /* GalleryTests.xctest */ = {isa = PBXFileReference; explicitFileType = wrapper.cfbundle; includeInIndex = 0; path = GalleryTests.xctest; sourceTree = BUILT_PRODUCTS_DIR; };
		04488AE9240CE3550021CE46 /* ShishirBootcampTests.swift */ = {isa = PBXFileReference; lastKnownFileType = sourcecode.swift; path = ShishirBootcampTests.swift; sourceTree = "<group>"; };
		04488AEB240CE3550021CE46 /* Info.plist */ = {isa = PBXFileReference; lastKnownFileType = text.plist.xml; path = Info.plist; sourceTree = "<group>"; };
		04488AF0240CE3550021CE46 /* GalleryUITests.xctest */ = {isa = PBXFileReference; explicitFileType = wrapper.cfbundle; includeInIndex = 0; path = GalleryUITests.xctest; sourceTree = BUILT_PRODUCTS_DIR; };
		04488AF4240CE3550021CE46 /* ShishirBootcampUITests.swift */ = {isa = PBXFileReference; lastKnownFileType = sourcecode.swift; path = ShishirBootcampUITests.swift; sourceTree = "<group>"; };
		04488AF6240CE3550021CE46 /* Info.plist */ = {isa = PBXFileReference; lastKnownFileType = text.plist.xml; path = Info.plist; sourceTree = "<group>"; };
		04B4E18C2410F529000B8984 /* Assets.xcassets */ = {isa = PBXFileReference; lastKnownFileType = folder.assetcatalog; path = Assets.xcassets; sourceTree = "<group>"; };
		FF39ED60248F70F200F45E1E /* Extension.swift */ = {isa = PBXFileReference; lastKnownFileType = sourcecode.swift; path = Extension.swift; sourceTree = "<group>"; };
/* End PBXFileReference section */

/* Begin PBXFrameworksBuildPhase section */
		04488ACC240CE3540021CE46 /* Frameworks */ = {
			isa = PBXFrameworksBuildPhase;
			buildActionMask = 2147483647;
			files = (
			);
			runOnlyForDeploymentPostprocessing = 0;
		};
		04488AE2240CE3550021CE46 /* Frameworks */ = {
			isa = PBXFrameworksBuildPhase;
			buildActionMask = 2147483647;
			files = (
			);
			runOnlyForDeploymentPostprocessing = 0;
		};
		04488AED240CE3550021CE46 /* Frameworks */ = {
			isa = PBXFrameworksBuildPhase;
			buildActionMask = 2147483647;
			files = (
			);
			runOnlyForDeploymentPostprocessing = 0;
		};
/* End PBXFrameworksBuildPhase section */

/* Begin PBXGroup section */
		043DB9D62488DBFF004AAE5C /* GalleryApplication */ = {
			isa = PBXGroup;
			children = (
				043DB9D72488DC5D004AAE5C /* GalleryItem.swift */,
				043DB9D92488DCAC004AAE5C /* ApiManager.swift */,
				043DB9DB2488DCD1004AAE5C /* JSONReadWrite.swift */,
				043DB9DD2488DD91004AAE5C /* GalleryController.swift */,
				043DB9E12488EBA7004AAE5C /* ImageCollectionViewCell.swift */,
				043DB9E22488EBA7004AAE5C /* ImageCollectionViewCell.xib */,
				043DB9DF2488E01E004AAE5C /* ImageViewerController.swift */,
				FF39ED60248F70F200F45E1E /* Extension.swift */,
			);
			path = GalleryApplication;
			sourceTree = "<group>";
		};
		04488AC6240CE3540021CE46 = {
			isa = PBXGroup;
			children = (
				04488AD1240CE3540021CE46 /* ShishirBootcamp */,
				04488AE8240CE3550021CE46 /* ShishirBootcampTests */,
				04488AF3240CE3550021CE46 /* ShishirBootcampUITests */,
				04488AD0240CE3540021CE46 /* Products */,
			);
			sourceTree = "<group>";
		};
		04488AD0240CE3540021CE46 /* Products */ = {
			isa = PBXGroup;
			children = (
				04488ACF240CE3540021CE46 /* Gallery.app */,
				04488AE5240CE3550021CE46 /* GalleryTests.xctest */,
				04488AF0240CE3550021CE46 /* GalleryUITests.xctest */,
			);
			name = Products;
			sourceTree = "<group>";
		};
		04488AD1240CE3540021CE46 /* ShishirBootcamp */ = {
			isa = PBXGroup;
			children = (
				04488AD2240CE3540021CE46 /* AppDelegate.swift */,
				04488AD4240CE3540021CE46 /* SceneDelegate.swift */,
				04488AD8240CE3540021CE46 /* Main.storyboard */,
				043DB9D62488DBFF004AAE5C /* GalleryApplication */,
				04B4E18C2410F529000B8984 /* Assets.xcassets */,
				04488ADD240CE3550021CE46 /* LaunchScreen.storyboard */,
				04488AE0240CE3550021CE46 /* Info.plist */,
			);
			path = ShishirBootcamp;
			sourceTree = "<group>";
		};
		04488AE8240CE3550021CE46 /* ShishirBootcampTests */ = {
			isa = PBXGroup;
			children = (
				04488AE9240CE3550021CE46 /* ShishirBootcampTests.swift */,
				04488AEB240CE3550021CE46 /* Info.plist */,
			);
			path = ShishirBootcampTests;
			sourceTree = "<group>";
		};
		04488AF3240CE3550021CE46 /* ShishirBootcampUITests */ = {
			isa = PBXGroup;
			children = (
				04488AF4240CE3550021CE46 /* ShishirBootcampUITests.swift */,
				04488AF6240CE3550021CE46 /* Info.plist */,
			);
			path = ShishirBootcampUITests;
			sourceTree = "<group>";
		};
/* End PBXGroup section */

/* Begin PBXNativeTarget section */
		04488ACE240CE3540021CE46 /* Gallery */ = {
			isa = PBXNativeTarget;
			buildConfigurationList = 04488AF9240CE3550021CE46 /* Build configuration list for PBXNativeTarget "Gallery" */;
			buildPhases = (
				04488ACB240CE3540021CE46 /* Sources */,
				04488ACC240CE3540021CE46 /* Frameworks */,
				04488ACD240CE3540021CE46 /* Resources */,
			);
			buildRules = (
			);
			dependencies = (
			);
			name = Gallery;
			productName = RajatBootcamp;
			productReference = 04488ACF240CE3540021CE46 /* Gallery.app */;
			productType = "com.apple.product-type.application";
		};
		04488AE4240CE3550021CE46 /* GalleryTests */ = {
			isa = PBXNativeTarget;
			buildConfigurationList = 04488AFC240CE3550021CE46 /* Build configuration list for PBXNativeTarget "GalleryTests" */;
			buildPhases = (
				04488AE1240CE3550021CE46 /* Sources */,
				04488AE2240CE3550021CE46 /* Frameworks */,
				04488AE3240CE3550021CE46 /* Resources */,
			);
			buildRules = (
			);
			dependencies = (
				04488AE7240CE3550021CE46 /* PBXTargetDependency */,
			);
			name = GalleryTests;
			productName = RajatBootcampTests;
			productReference = 04488AE5240CE3550021CE46 /* GalleryTests.xctest */;
			productType = "com.apple.product-type.bundle.unit-test";
		};
		04488AEF240CE3550021CE46 /* GalleryUITests */ = {
			isa = PBXNativeTarget;
			buildConfigurationList = 04488AFF240CE3550021CE46 /* Build configuration list for PBXNativeTarget "GalleryUITests" */;
			buildPhases = (
				04488AEC240CE3550021CE46 /* Sources */,
				04488AED240CE3550021CE46 /* Frameworks */,
				04488AEE240CE3550021CE46 /* Resources */,
			);
			buildRules = (
			);
			dependencies = (
				04488AF2240CE3550021CE46 /* PBXTargetDependency */,
			);
			name = GalleryUITests;
			productName = RajatBootcampUITests;
			productReference = 04488AF0240CE3550021CE46 /* GalleryUITests.xctest */;
			productType = "com.apple.product-type.bundle.ui-testing";
		};
/* End PBXNativeTarget section */

/* Begin PBXProject section */
		04488AC7240CE3540021CE46 /* Project object */ = {
			isa = PBXProject;
			attributes = {
				LastSwiftUpdateCheck = 1130;
				LastUpgradeCheck = 1130;
				ORGANIZATIONNAME = "Shishir SIngh";
				TargetAttributes = {
					04488ACE240CE3540021CE46 = {
						CreatedOnToolsVersion = 11.3.1;
					};
					04488AE4240CE3550021CE46 = {
						CreatedOnToolsVersion = 11.3.1;
						TestTargetID = 04488ACE240CE3540021CE46;
					};
					04488AEF240CE3550021CE46 = {
						CreatedOnToolsVersion = 11.3.1;
						TestTargetID = 04488ACE240CE3540021CE46;
					};
				};
			};
			buildConfigurationList = 04488ACA240CE3540021CE46 /* Build configuration list for PBXProject "Gallery" */;
			compatibilityVersion = "Xcode 9.3";
			developmentRegion = en;
			hasScannedForEncodings = 0;
			knownRegions = (
				en,
				Base,
			);
			mainGroup = 04488AC6240CE3540021CE46;
			productRefGroup = 04488AD0240CE3540021CE46 /* Products */;
			projectDirPath = "";
			projectRoot = "";
			targets = (
				04488ACE240CE3540021CE46 /* Gallery */,
				04488AE4240CE3550021CE46 /* GalleryTests */,
				04488AEF240CE3550021CE46 /* GalleryUITests */,
			);
		};
/* End PBXProject section */

/* Begin PBXResourcesBuildPhase section */
		04488ACD240CE3540021CE46 /* Resources */ = {
			isa = PBXResourcesBuildPhase;
			buildActionMask = 2147483647;
			files = (
				04488ADF240CE3550021CE46 /* LaunchScreen.storyboard in Resources */,
				04B4E18D2410F529000B8984 /* Assets.xcassets in Resources */,
				043DB9E42488EBA7004AAE5C /* ImageCollectionViewCell.xib in Resources */,
				04488ADA240CE3540021CE46 /* Main.storyboard in Resources */,
			);
			runOnlyForDeploymentPostprocessing = 0;
		};
		04488AE3240CE3550021CE46 /* Resources */ = {
			isa = PBXResourcesBuildPhase;
			buildActionMask = 2147483647;
			files = (
			);
			runOnlyForDeploymentPostprocessing = 0;
		};
		04488AEE240CE3550021CE46 /* Resources */ = {
			isa = PBXResourcesBuildPhase;
			buildActionMask = 2147483647;
			files = (
			);
			runOnlyForDeploymentPostprocessing = 0;
		};
/* End PBXResourcesBuildPhase section */

/* Begin PBXSourcesBuildPhase section */
		04488ACB240CE3540021CE46 /* Sources */ = {
			isa = PBXSourcesBuildPhase;
			buildActionMask = 2147483647;
			files = (
				FF39ED61248F70F200F45E1E /* Extension.swift in Sources */,
				043DB9DA2488DCAC004AAE5C /* ApiManager.swift in Sources */,
				04488AD3240CE3540021CE46 /* AppDelegate.swift in Sources */,
				04488AD5240CE3540021CE46 /* SceneDelegate.swift in Sources */,
				043DB9D82488DC5D004AAE5C /* GalleryItem.swift in Sources */,
				043DB9E02488E01E004AAE5C /* ImageViewerController.swift in Sources */,
				043DB9E32488EBA7004AAE5C /* ImageCollectionViewCell.swift in Sources */,
				043DB9DE2488DD91004AAE5C /* GalleryController.swift in Sources */,
				043DB9DC2488DCD1004AAE5C /* JSONReadWrite.swift in Sources */,
			);
			runOnlyForDeploymentPostprocessing = 0;
		};
		04488AE1240CE3550021CE46 /* Sources */ = {
			isa = PBXSourcesBuildPhase;
			buildActionMask = 2147483647;
			files = (
				04488AEA240CE3550021CE46 /* ShishirBootcampTests.swift in Sources */,
			);
			runOnlyForDeploymentPostprocessing = 0;
		};
		04488AEC240CE3550021CE46 /* Sources */ = {
			isa = PBXSourcesBuildPhase;
			buildActionMask = 2147483647;
			files = (
				04488AF5240CE3550021CE46 /* ShishirBootcampUITests.swift in Sources */,
			);
			runOnlyForDeploymentPostprocessing = 0;
		};
/* End PBXSourcesBuildPhase section */

/* Begin PBXTargetDependency section */
		04488AE7240CE3550021CE46 /* PBXTargetDependency */ = {
			isa = PBXTargetDependency;
			target = 04488ACE240CE3540021CE46 /* Gallery */;
			targetProxy = 04488AE6240CE3550021CE46 /* PBXContainerItemProxy */;
		};
		04488AF2240CE3550021CE46 /* PBXTargetDependency */ = {
			isa = PBXTargetDependency;
			target = 04488ACE240CE3540021CE46 /* Gallery */;
			targetProxy = 04488AF1240CE3550021CE46 /* PBXContainerItemProxy */;
		};
/* End PBXTargetDependency section */

/* Begin PBXVariantGroup section */
		04488AD8240CE3540021CE46 /* Main.storyboard */ = {
			isa = PBXVariantGroup;
			children = (
				04488AD9240CE3540021CE46 /* Base */,
			);
			name = Main.storyboard;
			sourceTree = "<group>";
		};
		04488ADD240CE3550021CE46 /* LaunchScreen.storyboard */ = {
			isa = PBXVariantGroup;
			children = (
				04488ADE240CE3550021CE46 /* Base */,
			);
			name = LaunchScreen.storyboard;
			sourceTree = "<group>";
		};
/* End PBXVariantGroup section */

/* Begin XCBuildConfiguration section */
		04488AF7240CE3550021CE46 /* Debug */ = {
			isa = XCBuildConfiguration;
			buildSettings = {
				ALWAYS_SEARCH_USER_PATHS = NO;
				CLANG_ANALYZER_NONNULL = YES;
				CLANG_ANALYZER_NUMBER_OBJECT_CONVERSION = YES_AGGRESSIVE;
				CLANG_CXX_LANGUAGE_STANDARD = "gnu++14";
				CLANG_CXX_LIBRARY = "libc++";
				CLANG_ENABLE_MODULES = YES;
				CLANG_ENABLE_OBJC_ARC = YES;
				CLANG_ENABLE_OBJC_WEAK = YES;
				CLANG_WARN_BLOCK_CAPTURE_AUTORELEASING = YES;
				CLANG_WARN_BOOL_CONVERSION = YES;
				CLANG_WARN_COMMA = YES;
				CLANG_WARN_CONSTANT_CONVERSION = YES;
				CLANG_WARN_DEPRECATED_OBJC_IMPLEMENTATIONS = YES;
				CLANG_WARN_DIRECT_OBJC_ISA_USAGE = YES_ERROR;
				CLANG_WARN_DOCUMENTATION_COMMENTS = YES;
				CLANG_WARN_EMPTY_BODY = YES;
				CLANG_WARN_ENUM_CONVERSION = YES;
				CLANG_WARN_INFINITE_RECURSION = YES;
				CLANG_WARN_INT_CONVERSION = YES;
				CLANG_WARN_NON_LITERAL_NULL_CONVERSION = YES;
				CLANG_WARN_OBJC_IMPLICIT_RETAIN_SELF = YES;
				CLANG_WARN_OBJC_LITERAL_CONVERSION = YES;
				CLANG_WARN_OBJC_ROOT_CLASS = YES_ERROR;
				CLANG_WARN_RANGE_LOOP_ANALYSIS = YES;
				CLANG_WARN_STRICT_PROTOTYPES = YES;
				CLANG_WARN_SUSPICIOUS_MOVE = YES;
				CLANG_WARN_UNGUARDED_AVAILABILITY = YES_AGGRESSIVE;
				CLANG_WARN_UNREACHABLE_CODE = YES;
				CLANG_WARN__DUPLICATE_METHOD_MATCH = YES;
				COPY_PHASE_STRIP = NO;
				DEBUG_INFORMATION_FORMAT = dwarf;
				ENABLE_STRICT_OBJC_MSGSEND = YES;
				ENABLE_TESTABILITY = YES;
				GCC_C_LANGUAGE_STANDARD = gnu11;
				GCC_DYNAMIC_NO_PIC = NO;
				GCC_NO_COMMON_BLOCKS = YES;
				GCC_OPTIMIZATION_LEVEL = 0;
				GCC_PREPROCESSOR_DEFINITIONS = (
					"DEBUG=1",
					"$(inherited)",
				);
				GCC_WARN_64_TO_32_BIT_CONVERSION = YES;
				GCC_WARN_ABOUT_RETURN_TYPE = YES_ERROR;
				GCC_WARN_UNDECLARED_SELECTOR = YES;
				GCC_WARN_UNINITIALIZED_AUTOS = YES_AGGRESSIVE;
				GCC_WARN_UNUSED_FUNCTION = YES;
				GCC_WARN_UNUSED_VARIABLE = YES;
				IPHONEOS_DEPLOYMENT_TARGET = 13.2;
				MTL_ENABLE_DEBUG_INFO = INCLUDE_SOURCE;
				MTL_FAST_MATH = YES;
				ONLY_ACTIVE_ARCH = YES;
				SDKROOT = iphoneos;
				SWIFT_ACTIVE_COMPILATION_CONDITIONS = DEBUG;
				SWIFT_OPTIMIZATION_LEVEL = "-Onone";
			};
			name = Debug;
		};
		04488AF8240CE3550021CE46 /* Release */ = {
			isa = XCBuildConfiguration;
			buildSettings = {
				ALWAYS_SEARCH_USER_PATHS = NO;
				CLANG_ANALYZER_NONNULL = YES;
				CLANG_ANALYZER_NUMBER_OBJECT_CONVERSION = YES_AGGRESSIVE;
				CLANG_CXX_LANGUAGE_STANDARD = "gnu++14";
				CLANG_CXX_LIBRARY = "libc++";
				CLANG_ENABLE_MODULES = YES;
				CLANG_ENABLE_OBJC_ARC = YES;
				CLANG_ENABLE_OBJC_WEAK = YES;
				CLANG_WARN_BLOCK_CAPTURE_AUTORELEASING = YES;
				CLANG_WARN_BOOL_CONVERSION = YES;
				CLANG_WARN_COMMA = YES;
				CLANG_WARN_CONSTANT_CONVERSION = YES;
				CLANG_WARN_DEPRECATED_OBJC_IMPLEMENTATIONS = YES;
				CLANG_WARN_DIRECT_OBJC_ISA_USAGE = YES_ERROR;
				CLANG_WARN_DOCUMENTATION_COMMENTS = YES;
				CLANG_WARN_EMPTY_BODY = YES;
				CLANG_WARN_ENUM_CONVERSION = YES;
				CLANG_WARN_INFINITE_RECURSION = YES;
				CLANG_WARN_INT_CONVERSION = YES;
				CLANG_WARN_NON_LITERAL_NULL_CONVERSION = YES;
				CLANG_WARN_OBJC_IMPLICIT_RETAIN_SELF = YES;
				CLANG_WARN_OBJC_LITERAL_CONVERSION = YES;
				CLANG_WARN_OBJC_ROOT_CLASS = YES_ERROR;
				CLANG_WARN_RANGE_LOOP_ANALYSIS = YES;
				CLANG_WARN_STRICT_PROTOTYPES = YES;
				CLANG_WARN_SUSPICIOUS_MOVE = YES;
				CLANG_WARN_UNGUARDED_AVAILABILITY = YES_AGGRESSIVE;
				CLANG_WARN_UNREACHABLE_CODE = YES;
				CLANG_WARN__DUPLICATE_METHOD_MATCH = YES;
				COPY_PHASE_STRIP = NO;
				DEBUG_INFORMATION_FORMAT = "dwarf-with-dsym";
				ENABLE_NS_ASSERTIONS = NO;
				ENABLE_STRICT_OBJC_MSGSEND = YES;
				GCC_C_LANGUAGE_STANDARD = gnu11;
				GCC_NO_COMMON_BLOCKS = YES;
				GCC_WARN_64_TO_32_BIT_CONVERSION = YES;
				GCC_WARN_ABOUT_RETURN_TYPE = YES_ERROR;
				GCC_WARN_UNDECLARED_SELECTOR = YES;
				GCC_WARN_UNINITIALIZED_AUTOS = YES_AGGRESSIVE;
				GCC_WARN_UNUSED_FUNCTION = YES;
				GCC_WARN_UNUSED_VARIABLE = YES;
				IPHONEOS_DEPLOYMENT_TARGET = 13.2;
				MTL_ENABLE_DEBUG_INFO = NO;
				MTL_FAST_MATH = YES;
				SDKROOT = iphoneos;
				SWIFT_COMPILATION_MODE = wholemodule;
				SWIFT_OPTIMIZATION_LEVEL = "-O";
				VALIDATE_PRODUCT = YES;
			};
			name = Release;
		};
		04488AFA240CE3550021CE46 /* Debug */ = {
			isa = XCBuildConfiguration;
			buildSettings = {
				ASSETCATALOG_COMPILER_APPICON_NAME = AppIcon;
				CODE_SIGN_STYLE = Automatic;
				INFOPLIST_FILE = ShishirBootcamp/Info.plist;
				IPHONEOS_DEPLOYMENT_TARGET = 13.4;
				LD_RUNPATH_SEARCH_PATHS = (
					"$(inherited)",
					"@executable_path/Frameworks",
				);
				PRODUCT_BUNDLE_IDENTIFIER = com..Gallery;
				PRODUCT_NAME = Gallery;
				SWIFT_VERSION = 5.0;
				TARGETED_DEVICE_FAMILY = "1,2";
			};
			name = Debug;
		};
		04488AFB240CE3550021CE46 /* Release */ = {
			isa = XCBuildConfiguration;
			buildSettings = {
				ASSETCATALOG_COMPILER_APPICON_NAME = AppIcon;
				CODE_SIGN_STYLE = Automatic;
				INFOPLIST_FILE = ShishirBootcamp/Info.plist;
				IPHONEOS_DEPLOYMENT_TARGET = 13.4;
				LD_RUNPATH_SEARCH_PATHS = (
					"$(inherited)",
					"@executable_path/Frameworks",
				);
				PRODUCT_BUNDLE_IDENTIFIER = com..Gallery;
				PRODUCT_NAME = Gallery;
				SWIFT_VERSION = 5.0;
				TARGETED_DEVICE_FAMILY = "1,2";
			};
			name = Release;
		};
		04488AFD240CE3550021CE46 /* Debug */ = {
			isa = XCBuildConfiguration;
			buildSettings = {
				ALWAYS_EMBED_SWIFT_STANDARD_LIBRARIES = YES;
				BUNDLE_LOADER = "$(TEST_HOST)";
				CODE_SIGN_STYLE = Automatic;
				INFOPLIST_FILE = RajatBootcampTests/Info.plist;
				IPHONEOS_DEPLOYMENT_TARGET = 13.2;
				LD_RUNPATH_SEARCH_PATHS = (
					"$(inherited)",
					"@executable_path/Frameworks",
					"@loader_path/Frameworks",
				);
				PRODUCT_BUNDLE_IDENTIFIER = com..RajatBootcampTests;
				PRODUCT_NAME = "$(TARGET_NAME)";
				SWIFT_VERSION = 5.0;
				TARGETED_DEVICE_FAMILY = "1,2";
				TEST_HOST = "$(BUILT_PRODUCTS_DIR)/Gallery.app/Gallery";
			};
			name = Debug;
		};
		04488AFE240CE3550021CE46 /* Release */ = {
			isa = XCBuildConfiguration;
			buildSettings = {
				ALWAYS_EMBED_SWIFT_STANDARD_LIBRARIES = YES;
				BUNDLE_LOADER = "$(TEST_HOST)";
				CODE_SIGN_STYLE = Automatic;
				INFOPLIST_FILE = RajatBootcampTests/Info.plist;
				IPHONEOS_DEPLOYMENT_TARGET = 13.2;
				LD_RUNPATH_SEARCH_PATHS = (
					"$(inherited)",
					"@executable_path/Frameworks",
					"@loader_path/Frameworks",
				);
				PRODUCT_BUNDLE_IDENTIFIER = com..RajatBootcampTests;
				PRODUCT_NAME = "$(TARGET_NAME)";
				SWIFT_VERSION = 5.0;
				TARGETED_DEVICE_FAMILY = "1,2";
				TEST_HOST = "$(BUILT_PRODUCTS_DIR)/Gallery.app/Gallery";
			};
			name = Release;
		};
		04488B00240CE3550021CE46 /* Debug */ = {
			isa = XCBuildConfiguration;
			buildSettings = {
				ALWAYS_EMBED_SWIFT_STANDARD_LIBRARIES = YES;
				CODE_SIGN_STYLE = Automatic;
				INFOPLIST_FILE = RajatBootcampUITests/Info.plist;
				LD_RUNPATH_SEARCH_PATHS = (
					"$(inherited)",
					"@executable_path/Frameworks",
					"@loader_path/Frameworks",
				);
				PRODUCT_BUNDLE_IDENTIFIER = com..RajatBootcampUITests;
				PRODUCT_NAME = "$(TARGET_NAME)";
				SWIFT_VERSION = 5.0;
				TARGETED_DEVICE_FAMILY = "1,2";
				TEST_TARGET_NAME = RajatBootcamp;
			};
			name = Debug;
		};
		04488B01240CE3550021CE46 /* Release */ = {
			isa = XCBuildConfiguration;
			buildSettings = {
				ALWAYS_EMBED_SWIFT_STANDARD_LIBRARIES = YES;
				CODE_SIGN_STYLE = Automatic;
				INFOPLIST_FILE = RajatBootcampUITests/Info.plist;
				LD_RUNPATH_SEARCH_PATHS = (
					"$(inherited)",
					"@executable_path/Frameworks",
					"@loader_path/Frameworks",
				);
				PRODUCT_BUNDLE_IDENTIFIER = com..RajatBootcampUITests;
				PRODUCT_NAME = "$(TARGET_NAME)";
				SWIFT_VERSION = 5.0;
				TARGETED_DEVICE_FAMILY = "1,2";
				TEST_TARGET_NAME = RajatBootcamp;
			};
			name = Release;
		};
/* End XCBuildConfiguration section */

/* Begin XCConfigurationList section */
		04488ACA240CE3540021CE46 /* Build configuration list for PBXProject "Gallery" */ = {
			isa = XCConfigurationList;
			buildConfigurations = (
				04488AF7240CE3550021CE46 /* Debug */,
				04488AF8240CE3550021CE46 /* Release */,
			);
			defaultConfigurationIsVisible = 0;
			defaultConfigurationName = Release;
		};
		04488AF9240CE3550021CE46 /* Build configuration list for PBXNativeTarget "Gallery" */ = {
			isa = XCConfigurationList;
			buildConfigurations = (
				04488AFA240CE3550021CE46 /* Debug */,
				04488AFB240CE3550021CE46 /* Release */,
			);
			defaultConfigurationIsVisible = 0;
			defaultConfigurationName = Release;
		};
		04488AFC240CE3550021CE46 /* Build configuration list for PBXNativeTarget "GalleryTests" */ = {
			isa = XCConfigurationList;
			buildConfigurations = (
				04488AFD240CE3550021CE46 /* Debug */,
				04488AFE240CE3550021CE46 /* Release */,
			);
			defaultConfigurationIsVisible = 0;
			defaultConfigurationName = Release;
		};
		04488AFF240CE3550021CE46 /* Build configuration list for PBXNativeTarget "GalleryUITests" */ = {
			isa = XCConfigurationList;
			buildConfigurations = (
				04488B00240CE3550021CE46 /* Debug */,
				04488B01240CE3550021CE46 /* Release */,
			);
			defaultConfigurationIsVisible = 0;
			defaultConfigurationName = Release;
		};
/* End XCConfigurationList section */
	};
	rootObject = 04488AC7240CE3540021CE46 /* Project object */;
}
